
Microsoft Visual Studio Solution File, Format Version 12.00
# Visual Studio 15
VisualStudioVersion = 15.0.28307.645
MinimumVisualStudioVersion = 10.0.40219.1
Project("{9A19103F-16F7-4668-BE54-9A1E7A4F7556}") = "GameApp.Web", "Web\GameApp.Web\GameApp.Web.csproj", "{49096F2F-72CA-4793-A296-A04451BEB182}"
EndProject
Project("{2150E333-8FDC-42A3-9474-1A3956D46DE8}") = "Data", "Data", "{1B391AE0-77B0-4559-8A92-C0DBB046EC09}"
EndProject
Project("{9A19103F-16F7-4668-BE54-9A1E7A4F7556}") = "GameApp.Data", "Data\GameApp.Data\GameApp.Data.csproj", "{44A44755-0EDF-46AF-A971-0BEBF9A894BF}"
EndProject
Project("{9A19103F-16F7-4668-BE54-9A1E7A4F7556}") = "GameApp.Data.Models", "Data\GameApp.Data.Models\GameApp.Data.Models.csproj", "{B8304553-BFDD-4E51-B5D0-8C8F924EB38F}"
EndProject
Project("{2150E333-8FDC-42A3-9474-1A3956D46DE8}") = "Services", "Services", "{50D21782-B531-4B2F-9A84-33EEB9D710AD}"
EndProject
Project("{2150E333-8FDC-42A3-9474-1A3956D46DE8}") = "Tests", "Tests", "{DF51CC3E-3814-4DFF-95A4-8038FBAC6B95}"
EndProject
Project("{2150E333-8FDC-42A3-9474-1A3956D46DE8}") = "Tools", "Tools", "{A46B6079-30EA-4A56-926D-71873D6823EF}"
EndProject
Project("{FAE04EC0-301F-11D3-BF4B-00C04F79EFBC}") = "GameApp.Sandbox", "Services\Tests\Tools\GameApp.Sandbox\GameApp.Sandbox.csproj", "{E60F17F2-9A28-4174-B8C0-8D201752EE5C}"
EndProject
Global
	GlobalSection(SolutionConfigurationPlatforms) = preSolution
		Debug|Any CPU = Debug|Any CPU
		Release|Any CPU = Release|Any CPU
	EndGlobalSection
	GlobalSection(ProjectConfigurationPlatforms) = postSolution
		{49096F2F-72CA-4793-A296-A04451BEB182}.Debug|Any CPU.ActiveCfg = Debug|Any CPU
		{49096F2F-72CA-4793-A296-A04451BEB182}.Debug|Any CPU.Build.0 = Debug|Any CPU
		{49096F2F-72CA-4793-A296-A04451BEB182}.Release|Any CPU.ActiveCfg = Release|Any CPU
		{49096F2F-72CA-4793-A296-A04451BEB182}.Release|Any CPU.Build.0 = Release|Any CPU
		{44A44755-0EDF-46AF-A971-0BEBF9A894BF}.Debug|Any CPU.ActiveCfg = Debug|Any CPU
		{44A44755-0EDF-46AF-A971-0BEBF9A894BF}.Debug|Any CPU.Build.0 = Debug|Any CPU
		{44A44755-0EDF-46AF-A971-0BEBF9A894BF}.Release|Any CPU.ActiveCfg = Release|Any CPU
		{44A44755-0EDF-46AF-A971-0BEBF9A894BF}.Release|Any CPU.Build.0 = Release|Any CPU
		{B8304553-BFDD-4E51-B5D0-8C8F924EB38F}.Debug|Any CPU.ActiveCfg = Debug|Any CPU
		{B8304553-BFDD-4E51-B5D0-8C8F924EB38F}.Debug|Any CPU.Build.0 = Debug|Any CPU
		{B8304553-BFDD-4E51-B5D0-8C8F924EB38F}.Release|Any CPU.ActiveCfg = Release|Any CPU
		{B8304553-BFDD-4E51-B5D0-8C8F924EB38F}.Release|Any CPU.Build.0 = Release|Any CPU
		{E60F17F2-9A28-4174-B8C0-8D201752EE5C}.Debug|Any CPU.ActiveCfg = Debug|Any CPU
		{E60F17F2-9A28-4174-B8C0-8D201752EE5C}.Debug|Any CPU.Build.0 = Debug|Any CPU
		{E60F17F2-9A28-4174-B8C0-8D201752EE5C}.Release|Any CPU.ActiveCfg = Release|Any CPU
		{E60F17F2-9A28-4174-B8C0-8D201752EE5C}.Release|Any CPU.Build.0 = Release|Any CPU
	EndGlobalSection
	GlobalSection(SolutionProperties) = preSolution
		HideSolutionNode = FALSE
	EndGlobalSection
	GlobalSection(NestedProjects) = preSolution
		{44A44755-0EDF-46AF-A971-0BEBF9A894BF} = {1B391AE0-77B0-4559-8A92-C0DBB046EC09}
		{B8304553-BFDD-4E51-B5D0-8C8F924EB38F} = {1B391AE0-77B0-4559-8A92-C0DBB046EC09}
		{DF51CC3E-3814-4DFF-95A4-8038FBAC6B95} = {50D21782-B531-4B2F-9A84-33EEB9D710AD}
		{A46B6079-30EA-4A56-926D-71873D6823EF} = {DF51CC3E-3814-4DFF-95A4-8038FBAC6B95}
		{E60F17F2-9A28-4174-B8C0-8D201752EE5C} = {A46B6079-30EA-4A56-926D-71873D6823EF}
	EndGlobalSection
	GlobalSection(ExtensibilityGlobals) = postSolution
		SolutionGuid = {BA5D55B2-A932-459D-B03A-B4A68D4B11FE}
	EndGlobalSection
EndGlobal
